
Microsoft Visual Studio Solution File, Format Version 12.00
# Visual Studio Version 17
VisualStudioVersion = 17.3.32901.215
MinimumVisualStudioVersion = 10.0.40219.1
Project("{FAE04EC0-301F-11D3-BF4B-00C04F79EFBC}") = "UserMaintenance", "UserMaintenance\UserMaintenance.csproj", "{66260CBD-114F-44D5-A6DE-5CFD161DA797}"
EndProject
Global
	GlobalSection(SolutionConfigurationPlatforms) = preSolution
		Debug|Any CPU = Debug|Any CPU
		Release|Any CPU = Release|Any CPU
	EndGlobalSection
	GlobalSection(ProjectConfigurationPlatforms) = postSolution
		{66260CBD-114F-44D5-A6DE-5CFD161DA797}.Debug|Any CPU.ActiveCfg = Debug|Any CPU
		{66260CBD-114F-44D5-A6DE-5CFD161DA797}.Debug|Any CPU.Build.0 = Debug|Any CPU
		{66260CBD-114F-44D5-A6DE-5CFD161DA797}.Release|Any CPU.ActiveCfg = Release|Any CPU
		{66260CBD-114F-44D5-A6DE-5CFD161DA797}.Release|Any CPU.Build.0 = Release|Any CPU
	EndGlobalSection
	GlobalSection(SolutionProperties) = preSolution
		HideSolutionNode = FALSE
	EndGlobalSection
	GlobalSection(ExtensibilityGlobals) = postSolution
		SolutionGuid = {8268B92B-FBA5-4D9E-BD08-78F96C02CA31}
	EndGlobalSection
EndGlobal
